
Microsoft Visual Studio Solution File, Format Version 12.00
# Visual Studio 15
VisualStudioVersion = 15.0.28010.2041
MinimumVisualStudioVersion = 10.0.40219.1
Project("{FAE04EC0-301F-11D3-BF4B-00C04F79EFBC}") = "DownloadFilesFromAspNetCore", "DownloadFilesFromAspNetCore\DownloadFilesFromAspNetCore.csproj", "{EBDD7D1B-9D00-4BBA-B5CB-E8E9AFC4B8BE}"
EndProject
Global
	GlobalSection(SolutionConfigurationPlatforms) = preSolution
		Debug|Any CPU = Debug|Any CPU
		Release|Any CPU = Release|Any CPU
	EndGlobalSection
	GlobalSection(ProjectConfigurationPlatforms) = postSolution
		{EBDD7D1B-9D00-4BBA-B5CB-E8E9AFC4B8BE}.Debug|Any CPU.ActiveCfg = Debug|Any CPU
		{EBDD7D1B-9D00-4BBA-B5CB-E8E9AFC4B8BE}.Debug|Any CPU.Build.0 = Debug|Any CPU
		{EBDD7D1B-9D00-4BBA-B5CB-E8E9AFC4B8BE}.Release|Any CPU.ActiveCfg = Release|Any CPU
		{EBDD7D1B-9D00-4BBA-B5CB-E8E9AFC4B8BE}.Release|Any CPU.Build.0 = Release|Any CPU
	EndGlobalSection
	GlobalSection(SolutionProperties) = preSolution
		HideSolutionNode = FALSE
	EndGlobalSection
	GlobalSection(ExtensibilityGlobals) = postSolution
		SolutionGuid = {1AF0E441-24CF-4E92-AE16-44658029F604}
	EndGlobalSection
EndGlobal
